
Microsoft Visual Studio Solution File, Format Version 12.00
# Visual Studio Version 17
VisualStudioVersion = 17.11.35327.3
MinimumVisualStudioVersion = 10.0.40219.1
Project("{FAE04EC0-301F-11D3-BF4B-00C04F79EFBC}") = "TOGETHERCULTURECRM", "TOGETHERCULTURECRM\TOGETHERCULTURECRM.csproj", "{89369092-6F1D-4037-A792-77BCC465D840}"
EndProject
Global
	GlobalSection(SolutionConfigurationPlatforms) = preSolution
		Debug|Any CPU = Debug|Any CPU
		Release|Any CPU = Release|Any CPU
	EndGlobalSection
	GlobalSection(ProjectConfigurationPlatforms) = postSolution
		{89369092-6F1D-4037-A792-77BCC465D840}.Debug|Any CPU.ActiveCfg = Debug|Any CPU
		{89369092-6F1D-4037-A792-77BCC465D840}.Debug|Any CPU.Build.0 = Debug|Any CPU
		{89369092-6F1D-4037-A792-77BCC465D840}.Release|Any CPU.ActiveCfg = Release|Any CPU
		{89369092-6F1D-4037-A792-77BCC465D840}.Release|Any CPU.Build.0 = Release|Any CPU
	EndGlobalSection
	GlobalSection(SolutionProperties) = preSolution
		HideSolutionNode = FALSE
	EndGlobalSection
	GlobalSection(ExtensibilityGlobals) = postSolution
		SolutionGuid = {787C07D3-440B-4772-8978-A95938084B06}
	EndGlobalSection
EndGlobal
